version = 1
revision = 2
requires-python = ">=3.11"

[[package]]
name = "django-pipeline"
version = "4.1.0"
source = { registry = "https://pypi.org/simple" }
dependencies = [
    { name = "setuptools" },
    { name = "wheel" },
]
sdist = { url = "https://files.pythonhosted.org/packages/1c/7b/2f78ccdad9f45a3d4f709950160f9d7e5009b2b8bec8ef636025ec89b62e/django_pipeline-4.1.0.tar.gz", hash = "sha256:aa1d79df6f215b78396cdd50ed162f8741dc4993e9fba2c78483d9b6f1e722b4", size = 72180, upload-time = "2025-09-13T11:47:45.332Z" }
wheels = [
    { url = "https://files.pythonhosted.org/packages/9a/89/fd40adbf5cc16550007ad67bffd7493c9976f7e576bf431d1bc537cfa976/django_pipeline-4.1.0-py3-none-any.whl", hash = "sha256:bdb84feb8db73b9fe8298fd9d0f6e50f30d78eb28a8ed28f73ca5d154080c3d5", size = 75523, upload-time = "2025-09-13T11:42:55.754Z" },
]

[[package]]
name = "icw"
version = "0.1.0"
source = { editable = "." }
dependencies = [
    { name = "django-pipeline" },
]

[package.metadata]
requires-dist = [{ name = "django-pipeline", specifier = ">=4.1.0" }]

[[package]]
name = "packaging"
version = "26.3"
source = { registry = "https://pypi.org/simple" }
sdist = { url = "https://files.pythonhosted.org/packages/7d/fa/3944b40b07da9ce895c0e6303a5ab7d53da063554f534556b134a54d6093/packaging-26.3.tar.gz", hash = "sha256:94edc256424af38762eb31306eed28beb9f0efc50a8837492c9d6fd6004aed79", size = 313412, upload-time = "2026-08-04T18:15:28.737Z" }
wheels = [
    { url = "https://files.pythonhosted.org/packages/63/34/ba1c580383c9eada3711951fef0795c80b829a078d72188184bcab9dd527/packaging-26.3-py3-none-any.whl", hash = "sha256:d7193f7c8e4e93f444fde0262bf90af30e16fa0ad0ad44cb553c87339b23cd1c", size = 129956, upload-time = "2026-08-04T18:15:27.159Z" },
]

[[package]]
name = "setuptools"
version = "84.0.0"
source = { registry = "https://pypi.org/simple" }
sdist = { url = "https://files.pythonhosted.org/packages/6d/44/f5da03a8ef95d369145c5bb53050e7877c9f3d312e128605fd9504829143/setuptools-84.0.0.tar.gz", hash = "sha256:f4695c21257f0d9b537ec2692c941d02ee143b7cc1276941349a546573b2ef73", size = 1168449, upload-time = "2026-08-08T18:27:58.365Z" }
wheels = [
    { url = "https://files.pythonhosted.org/packages/95/9c/c510029fc6ef33a6275cd2c5d3cecd6613dfd6aa401d57c54f1c18852ccf/setuptools-84.0.0-py3-none-any.whl", hash = "sha256:51a52592b3b99e102b609654876bd65f19f999935166d1352678931132b0c670", size = 818216, upload-time = "2026-08-08T18:27:56.719Z" },
]

[[package]]
name = "wheel"
version = "0.48.0"
source = { registry = "https://pypi.org/simple" }
dependencies = [
    { name = "packaging" },
]
sdist = { url = "https://files.pythonhosted.org/packages/d0/20/50ed6bdf27dec98b568a8ae25dc599f35baa3d9709f9e83fd1edb56b9a90/wheel-0.48.0.tar.gz", hash = "sha256:94800765601e9171bf5d58d066e640662842bcedcbab982b2c90787a2c987322", size = 66471, upload-time = "2026-08-11T22:02:27.327Z" }
wheels = [
    { url = "https://files.pythonhosted.org/packages/2e/29/69cfbb602cd91690c55d38ba9fe53e6a7e76a6fa647bf38f19c138d25449/wheel-0.48.0-py3-none-any.whl", hash = "sha256:3217dcc807155e45db462d7ef2431f5ddda0d7273b700d05a67b271ceb1287ab", size = 33320, upload-time = "2026-08-11T22:02:26.1Z" },
]
